<Solution>
  <Folder Name="/src/">
    <Project Path="src/Nexus.Cli/Nexus.Cli.fsproj" />
    <Project Path="src/Nexus.Kernel/Nexus.Kernel.fsproj" />
    <Project Path="src/Nexus.Domain/Nexus.Domain.fsproj" />
    <Project Path="src/Nexus.EventStore/Nexus.EventStore.fsproj" />
    <Project Path="src/Nexus.Importers/Nexus.Importers.fsproj" />
  </Folder>
  <Folder Name="/tests/">
    <Project Path="tests/Nexus.Tests/Nexus.Tests.fsproj" />
  </Folder>
</Solution>
